PODS:
  - Alamofire (5.10.2)
  - Kingfisher (7.6.2)

DEPENDENCIES:
  - Alamofire (= 5.10.2)
  - Kingfisher (= 7.6.2)

SPEC REPOS:
  trunk:
    - Alamofire
    - Kingfisher

SPEC CHECKSUMS:
  Alamofire: 7193b3b92c74a07f85569e1a6c4f4237291e7496
  Kingfisher: 6c5449c6450c5239166510ba04afe374a98afc4f

PODFILE CHECKSUM: cd36d95fe7d58c73e58fff55c6dbe2cf7cb6afcf

COCOAPODS: 1.16.2
